// !$*UTF8*$!
{
	archiveVersion = 1;
	classes = {
	};
	objectVersion = 56;
	objects = {

/* Begin PBXBuildFile section */
		3F8295602AB739A700CD0641 /* clockApp.swift in Sources */ = {isa = PBXBuildFile; fileRef = 3F82955F2AB739A700CD0641 /* clockApp.swift */; };
		3F8295622AB739A700CD0641 /* ContentView.swift in Sources */ = {isa = PBXBuildFile; fileRef = 3F8295612AB739A700CD0641 /* ContentView.swift */; };
		3F8295642AB739AA00CD0641 /* Assets.xcassets in Resources */ = {isa = PBXBuildFile; fileRef = 3F8295632AB739AA00CD0641 /* Assets.xcassets */; };
		3F8295672AB739AA00CD0641 /* Preview Assets.xcassets in Resources */ = {isa = PBXBuildFile; fileRef = 3F8295662AB739AA00CD0641 /* Preview Assets.xcassets */; };
		3F8295722AB739AA00CD0641 /* clockTests.swift in Sources */ = {isa = PBXBuildFile; fileRef = 3F8295712AB739AA00CD0641 /* clockTests.swift */; };
		3F82957C2AB739AA00CD0641 /* clockUITests.swift in Sources */ = {isa = PBXBuildFile; fileRef = 3F82957B2AB739AA00CD0641 /* clockUITests.swift */; };
		3F82957E2AB739AA00CD0641 /* clockUITestsLaunchTests.swift in Sources */ = {isa = PBXBuildFile; fileRef = 3F82957D2AB739AA00CD0641 /* clockUITestsLaunchTests.swift */; };
/* End PBXBuildFile section */

/* Begin PBXContainerItemProxy section */
		3F82956E2AB739AA00CD0641 /* PBXContainerItemProxy */ = {
			isa = PBXContainerItemProxy;
			containerPortal = 3F8295542AB739A700CD0641 /* Project object */;
			proxyType = 1;
			remoteGlobalIDString = 3F82955B2AB739A700CD0641;
			remoteInfo = clock;
		};
		3F8295782AB739AA00CD0641 /* PBXContainerItemProxy */ = {
			isa = PBXContainerItemProxy;
			containerPortal = 3F8295542AB739A700CD0641 /* Project object */;
			proxyType = 1;
			remoteGlobalIDString = 3F82955B2AB739A700CD0641;
			remoteInfo = clock;
		};
/* End PBXContainerItemProxy section */

/* Begin PBXFileReference section */
		3F82955C2AB739A700CD0641 /* clock.app */ = {isa = PBXFileReference; explicitFileType = wrapper.application; includeInIndex = 0; path = clock.app; sourceTree = BUILT_PRODUCTS_DIR; };
		3F82955F2AB739A700CD0641 /* clockApp.swift */ = {isa = PBXFileReference; lastKnownFileType = sourcecode.swift; path = clockApp.swift; sourceTree = "<group>"; };
		3F8295612AB739A700CD0641 /* ContentView.swift */ = {isa = PBXFileReference; lastKnownFileType = sourcecode.swift; path = ContentView.swift; sourceTree = "<group>"; };
		3F8295632AB739AA00CD0641 /* Assets.xcassets */ = {isa = PBXFileReference; lastKnownFileType = folder.assetcatalog; path = Assets.xcassets; sourceTree = "<group>"; };
		3F8295662AB739AA00CD0641 /* Preview Assets.xcassets */ = {isa = PBXFileReference; lastKnownFileType = folder.assetcatalog; path = "Preview Assets.xcassets"; sourceTree = "<group>"; };
		3F8295682AB739AA00CD0641 /* clock.entitlements */ = {isa = PBXFileReference; lastKnownFileType = text.plist.entitlements; path = clock.entitlements; sourceTree = "<group>"; };
		3F82956D2AB739AA00CD0641 /* clockTests.xctest */ = {isa = PBXFileReference; explicitFileType = wrapper.cfbundle; includeInIndex = 0; path = clockTests.xctest; sourceTree = BUILT_PRODUCTS_DIR; };
		3F8295712AB739AA00CD0641 /* clockTests.swift */ = {isa = PBXFileReference; lastKnownFileType = sourcecode.swift; path = clockTests.swift; sourceTree = "<group>"; };
		3F8295772AB739AA00CD0641 /* clockUITests.xctest */ = {isa = PBXFileReference; explicitFileType = wrapper.cfbundle; includeInIndex = 0; path = clockUITests.xctest; sourceTree = BUILT_PRODUCTS_DIR; };
		3F82957B2AB739AA00CD0641 /* clockUITests.swift */ = {isa = PBXFileReference; lastKnownFileType = sourcecode.swift; path = clockUITests.swift; sourceTree = "<group>"; };
		3F82957D2AB739AA00CD0641 /* clockUITestsLaunchTests.swift */ = {isa = PBXFileReference; lastKnownFileType = sourcecode.swift; path = clockUITestsLaunchTests.swift; sourceTree = "<group>"; };
/* End PBXFileReference section */

/* Begin PBXFrameworksBuildPhase section */
		3F8295592AB739A700CD0641 /* Frameworks */ = {
			isa = PBXFrameworksBuildPhase;
			buildActionMask = 2147483647;
			files = (
			);
			runOnlyForDeploymentPostprocessing = 0;
		};
		3F82956A2AB739AA00CD0641 /* Frameworks */ = {
			isa = PBXFrameworksBuildPhase;
			buildActionMask = 2147483647;
			files = (
			);
			runOnlyForDeploymentPostprocessing = 0;
		};
		3F8295742AB739AA00CD0641 /* Frameworks */ = {
			isa = PBXFrameworksBuildPhase;
			buildActionMask = 2147483647;
			files = (
			);
			runOnlyForDeploymentPostprocessing = 0;
		};
/* End PBXFrameworksBuildPhase section */

/* Begin PBXGroup section */
		3F8295532AB739A700CD0641 = {
			isa = PBXGroup;
			children = (
				3F82955E2AB739A700CD0641 /* clock */,
				3F8295702AB739AA00CD0641 /* clockTests */,
				3F82957A2AB739AA00CD0641 /* clockUITests */,
				3F82955D2AB739A700CD0641 /* Products */,
			);
			sourceTree = "<group>";
		};
		3F82955D2AB739A700CD0641 /* Products */ = {
			isa = PBXGroup;
			children = (
				3F82955C2AB739A700CD0641 /* clock.app */,
				3F82956D2AB739AA00CD0641 /* clockTests.xctest */,
				3F8295772AB739AA00CD0641 /* clockUITests.xctest */,
			);
			name = Products;
			sourceTree = "<group>";
		};
		3F82955E2AB739A700CD0641 /* clock */ = {
			isa = PBXGroup;
			children = (
				3F82955F2AB739A700CD0641 /* clockApp.swift */,
				3F8295612AB739A700CD0641 /* ContentView.swift */,
				3F8295632AB739AA00CD0641 /* Assets.xcassets */,
				3F8295682AB739AA00CD0641 /* clock.entitlements */,
				3F8295652AB739AA00CD0641 /* Preview Content */,
			);
			path = clock;
			sourceTree = "<group>";
		};
		3F8295652AB739AA00CD0641 /* Preview Content */ = {
			isa = PBXGroup;
			children = (
				3F8295662AB739AA00CD0641 /* Preview Assets.xcassets */,
			);
			path = "Preview Content";
			sourceTree = "<group>";
		};
		3F8295702AB739AA00CD0641 /* clockTests */ = {
			isa = PBXGroup;
			children = (
				3F8295712AB739AA00CD0641 /* clockTests.swift */,
			);
			path = clockTests;
			sourceTree = "<group>";
		};
		3F82957A2AB739AA00CD0641 /* clockUITests */ = {
			isa = PBXGroup;
			children = (
				3F82957B2AB739AA00CD0641 /* clockUITests.swift */,
				3F82957D2AB739AA00CD0641 /* clockUITestsLaunchTests.swift */,
			);
			path = clockUITests;
			sourceTree = "<group>";
		};
/* End PBXGroup section */

/* Begin PBXNativeTarget section */
		3F82955B2AB739A700CD0641 /* clock */ = {
			isa = PBXNativeTarget;
			buildConfigurationList = 3F8295812AB739AA00CD0641 /* Build configuration list for PBXNativeTarget "clock" */;
			buildPhases = (
				3F8295582AB739A700CD0641 /* Sources */,
				3F8295592AB739A700CD0641 /* Frameworks */,
				3F82955A2AB739A700CD0641 /* Resources */,
			);
			buildRules = (
			);
			dependencies = (
			);
			name = clock;
			productName = clock;
			productReference = 3F82955C2AB739A700CD0641 /* clock.app */;
			productType = "com.apple.product-type.application";
		};
		3F82956C2AB739AA00CD0641 /* clockTests */ = {
			isa = PBXNativeTarget;
			buildConfigurationList = 3F8295842AB739AA00CD0641 /* Build configuration list for PBXNativeTarget "clockTests" */;
			buildPhases = (
				3F8295692AB739AA00CD0641 /* Sources */,
				3F82956A2AB739AA00CD0641 /* Frameworks */,
				3F82956B2AB739AA00CD0641 /* Resources */,
			);
			buildRules = (
			);
			dependencies = (
				3F82956F2AB739AA00CD0641 /* PBXTargetDependency */,
			);
			name = clockTests;
			productName = clockTests;
			productReference = 3F82956D2AB739AA00CD0641 /* clockTests.xctest */;
			productType = "com.apple.product-type.bundle.unit-test";
		};
		3F8295762AB739AA00CD0641 /* clockUITests */ = {
			isa = PBXNativeTarget;
			buildConfigurationList = 3F8295872AB739AA00CD0641 /* Build configuration list for PBXNativeTarget "clockUITests" */;
			buildPhases = (
				3F8295732AB739AA00CD0641 /* Sources */,
				3F8295742AB739AA00CD0641 /* Frameworks */,
				3F8295752AB739AA00CD0641 /* Resources */,
			);
			buildRules = (
			);
			dependencies = (
				3F8295792AB739AA00CD0641 /* PBXTargetDependency */,
			);
			name = clockUITests;
			productName = clockUITests;
			productReference = 3F8295772AB739AA00CD0641 /* clockUITests.xctest */;
			productType = "com.apple.product-type.bundle.ui-testing";
		};
/* End PBXNativeTarget section */

/* Begin PBXProject section */
		3F8295542AB739A700CD0641 /* Project object */ = {
			isa = PBXProject;
			attributes = {
				BuildIndependentTargetsInParallel = 1;
				LastSwiftUpdateCheck = 1430;
				LastUpgradeCheck = 1430;
				TargetAttributes = {
					3F82955B2AB739A700CD0641 = {
						CreatedOnToolsVersion = 14.3.1;
					};
					3F82956C2AB739AA00CD0641 = {
						CreatedOnToolsVersion = 14.3.1;
						TestTargetID = 3F82955B2AB739A700CD0641;
					};
					3F8295762AB739AA00CD0641 = {
						CreatedOnToolsVersion = 14.3.1;
						TestTargetID = 3F82955B2AB739A700CD0641;
					};
				};
			};
			buildConfigurationList = 3F8295572AB739A700CD0641 /* Build configuration list for PBXProject "clock" */;
			compatibilityVersion = "Xcode 14.0";
			developmentRegion = en;
			hasScannedForEncodings = 0;
			knownRegions = (
				en,
				Base,
			);
			mainGroup = 3F8295532AB739A700CD0641;
			productRefGroup = 3F82955D2AB739A700CD0641 /* Products */;
			projectDirPath = "";
			projectRoot = "";
			targets = (
				3F82955B2AB739A700CD0641 /* clock */,
				3F82956C2AB739AA00CD0641 /* clockTests */,
				3F8295762AB739AA00CD0641 /* clockUITests */,
			);
		};
/* End PBXProject section */

/* Begin PBXResourcesBuildPhase section */
		3F82955A2AB739A700CD0641 /* Resources */ = {
			isa = PBXResourcesBuildPhase;
			buildActionMask = 2147483647;
			files = (
				3F8295672AB739AA00CD0641 /* Preview Assets.xcassets in Resources */,
				3F8295642AB739AA00CD0641 /* Assets.xcassets in Resources */,
			);
			runOnlyForDeploymentPostprocessing = 0;
		};
		3F82956B2AB739AA00CD0641 /* Resources */ = {
			isa = PBXResourcesBuildPhase;
			buildActionMask = 2147483647;
			files = (
			);
			runOnlyForDeploymentPostprocessing = 0;
		};
		3F8295752AB739AA00CD0641 /* Resources */ = {
			isa = PBXResourcesBuildPhase;
			buildActionMask = 2147483647;
			files = (
			);
			runOnlyForDeploymentPostprocessing = 0;
		};
/* End PBXResourcesBuildPhase section */

/* Begin PBXSourcesBuildPhase section */
		3F8295582AB739A700CD0641 /* Sources */ = {
			isa = PBXSourcesBuildPhase;
			buildActionMask = 2147483647;
			files = (
				3F8295622AB739A700CD0641 /* ContentView.swift in Sources */,
				3F8295602AB739A700CD0641 /* clockApp.swift in Sources */,
			);
			runOnlyForDeploymentPostprocessing = 0;
		};
		3F8295692AB739AA00CD0641 /* Sources */ = {
			isa = PBXSourcesBuildPhase;
			buildActionMask = 2147483647;
			files = (
				3F8295722AB739AA00CD0641 /* clockTests.swift in Sources */,
			);
			runOnlyForDeploymentPostprocessing = 0;
		};
		3F8295732AB739AA00CD0641 /* Sources */ = {
			isa = PBXSourcesBuildPhase;
			buildActionMask = 2147483647;
			files = (
				3F82957C2AB739AA00CD0641 /* clockUITests.swift in Sources */,
				3F82957E2AB739AA00CD0641 /* clockUITestsLaunchTests.swift in Sources */,
			);
			runOnlyForDeploymentPostprocessing = 0;
		};
/* End PBXSourcesBuildPhase section */

/* Begin PBXTargetDependency section */
		3F82956F2AB739AA00CD0641 /* PBXTargetDependency */ = {
			isa = PBXTargetDependency;
			target = 3F82955B2AB739A700CD0641 /* clock */;
			targetProxy = 3F82956E2AB739AA00CD0641 /* PBXContainerItemProxy */;
		};
		3F8295792AB739AA00CD0641 /* PBXTargetDependency */ = {
			isa = PBXTargetDependency;
			target = 3F82955B2AB739A700CD0641 /* clock */;
			targetProxy = 3F8295782AB739AA00CD0641 /* PBXContainerItemProxy */;
		};
/* End PBXTargetDependency section */

/* Begin XCBuildConfiguration section */
		3F82957F2AB739AA00CD0641 /* Debug */ = {
			isa = XCBuildConfiguration;
			buildSettings = {
				ALWAYS_SEARCH_USER_PATHS = NO;
				CLANG_ANALYZER_NONNULL = YES;
				CLANG_ANALYZER_NUMBER_OBJECT_CONVERSION = YES_AGGRESSIVE;
				CLANG_CXX_LANGUAGE_STANDARD = "gnu++20";
				CLANG_ENABLE_MODULES = YES;
				CLANG_ENABLE_OBJC_ARC = YES;
				CLANG_ENABLE_OBJC_WEAK = YES;
				CLANG_WARN_BLOCK_CAPTURE_AUTORELEASING = YES;
				CLANG_WARN_BOOL_CONVERSION = YES;
				CLANG_WARN_COMMA = YES;
				CLANG_WARN_CONSTANT_CONVERSION = YES;
				CLANG_WARN_DEPRECATED_OBJC_IMPLEMENTATIONS = YES;
				CLANG_WARN_DIRECT_OBJC_ISA_USAGE = YES_ERROR;
				CLANG_WARN_DOCUMENTATION_COMMENTS = YES;
				CLANG_WARN_EMPTY_BODY = YES;
				CLANG_WARN_ENUM_CONVERSION = YES;
				CLANG_WARN_INFINITE_RECURSION = YES;
				CLANG_WARN_INT_CONVERSION = YES;
				CLANG_WARN_NON_LITERAL_NULL_CONVERSION = YES;
				CLANG_WARN_OBJC_IMPLICIT_RETAIN_SELF = YES;
				CLANG_WARN_OBJC_LITERAL_CONVERSION = YES;
				CLANG_WARN_OBJC_ROOT_CLASS = YES_ERROR;
				CLANG_WARN_QUOTED_INCLUDE_IN_FRAMEWORK_HEADER = YES;
				CLANG_WARN_RANGE_LOOP_ANALYSIS = YES;
				CLANG_WARN_STRICT_PROTOTYPES = YES;
				CLANG_WARN_SUSPICIOUS_MOVE = YES;
				CLANG_WARN_UNGUARDED_AVAILABILITY = YES_AGGRESSIVE;
				CLANG_WARN_UNREACHABLE_CODE = YES;
				CLANG_WARN__DUPLICATE_METHOD_MATCH = YES;
				COPY_PHASE_STRIP = NO;
				DEBUG_INFORMATION_FORMAT = dwarf;
				ENABLE_STRICT_OBJC_MSGSEND = YES;
				ENABLE_TESTABILITY = YES;
				GCC_C_LANGUAGE_STANDARD = gnu11;
				GCC_DYNAMIC_NO_PIC = NO;
				GCC_NO_COMMON_BLOCKS = YES;
				GCC_OPTIMIZATION_LEVEL = 0;
				GCC_PREPROCESSOR_DEFINITIONS = (
					"DEBUG=1",
					"$(inherited)",
				);
				GCC_WARN_64_TO_32_BIT_CONVERSION = YES;
				GCC_WARN_ABOUT_RETURN_TYPE = YES_ERROR;
				GCC_WARN_UNDECLARED_SELECTOR = YES;
				GCC_WARN_UNINITIALIZED_AUTOS = YES_AGGRESSIVE;
				GCC_WARN_UNUSED_FUNCTION = YES;
				GCC_WARN_UNUSED_VARIABLE = YES;
				MACOSX_DEPLOYMENT_TARGET = 13.3;
				MTL_ENABLE_DEBUG_INFO = INCLUDE_SOURCE;
				MTL_FAST_MATH = YES;
				ONLY_ACTIVE_ARCH = YES;
				SDKROOT = macosx;
				SWIFT_ACTIVE_COMPILATION_CONDITIONS = DEBUG;
				SWIFT_OPTIMIZATION_LEVEL = "-Onone";
			};
			name = Debug;
		};
		3F8295802AB739AA00CD0641 /* Release */ = {
			isa = XCBuildConfiguration;
			buildSettings = {
				ALWAYS_SEARCH_USER_PATHS = NO;
				CLANG_ANALYZER_NONNULL = YES;
				CLANG_ANALYZER_NUMBER_OBJECT_CONVERSION = YES_AGGRESSIVE;
				CLANG_CXX_LANGUAGE_STANDARD = "gnu++20";
				CLANG_ENABLE_MODULES = YES;
				CLANG_ENABLE_OBJC_ARC = YES;
				CLANG_ENABLE_OBJC_WEAK = YES;
				CLANG_WARN_BLOCK_CAPTURE_AUTORELEASING = YES;
				CLANG_WARN_BOOL_CONVERSION = YES;
				CLANG_WARN_COMMA = YES;
				CLANG_WARN_CONSTANT_CONVERSION = YES;
				CLANG_WARN_DEPRECATED_OBJC_IMPLEMENTATIONS = YES;
				CLANG_WARN_DIRECT_OBJC_ISA_USAGE = YES_ERROR;
				CLANG_WARN_DOCUMENTATION_COMMENTS = YES;
				CLANG_WARN_EMPTY_BODY = YES;
				CLANG_WARN_ENUM_CONVERSION = YES;
				CLANG_WARN_INFINITE_RECURSION = YES;
				CLANG_WARN_INT_CONVERSION = YES;
				CLANG_WARN_NON_LITERAL_NULL_CONVERSION = YES;
				CLANG_WARN_OBJC_IMPLICIT_RETAIN_SELF = YES;
				CLANG_WARN_OBJC_LITERAL_CONVERSION = YES;
				CLANG_WARN_OBJC_ROOT_CLASS = YES_ERROR;
				CLANG_WARN_QUOTED_INCLUDE_IN_FRAMEWORK_HEADER = YES;
				CLANG_WARN_RANGE_LOOP_ANALYSIS = YES;
				CLANG_WARN_STRICT_PROTOTYPES = YES;
				CLANG_WARN_SUSPICIOUS_MOVE = YES;
				CLANG_WARN_UNGUARDED_AVAILABILITY = YES_AGGRESSIVE;
				CLANG_WARN_UNREACHABLE_CODE = YES;
				CLANG_WARN__DUPLICATE_METHOD_MATCH = YES;
				COPY_PHASE_STRIP = NO;
				DEBUG_INFORMATION_FORMAT = "dwarf-with-dsym";
				ENABLE_NS_ASSERTIONS = NO;
				ENABLE_STRICT_OBJC_MSGSEND = YES;
				GCC_C_LANGUAGE_STANDARD = gnu11;
				GCC_NO_COMMON_BLOCKS = YES;
				GCC_WARN_64_TO_32_BIT_CONVERSION = YES;
				GCC_WARN_ABOUT_RETURN_TYPE = YES_ERROR;
				GCC_WARN_UNDECLARED_SELECTOR = YES;
				GCC_WARN_UNINITIALIZED_AUTOS = YES_AGGRESSIVE;
				GCC_WARN_UNUSED_FUNCTION = YES;
				GCC_WARN_UNUSED_VARIABLE = YES;
				MACOSX_DEPLOYMENT_TARGET = 13.3;
				MTL_ENABLE_DEBUG_INFO = NO;
				MTL_FAST_MATH = YES;
				SDKROOT = macosx;
				SWIFT_COMPILATION_MODE = wholemodule;
				SWIFT_OPTIMIZATION_LEVEL = "-O";
			};
			name = Release;
		};
		3F8295822AB739AA00CD0641 /* Debug */ = {
			isa = XCBuildConfiguration;
			buildSettings = {
				ASSETCATALOG_COMPILER_APPICON_NAME = AppIcon;
				ASSETCATALOG_COMPILER_GLOBAL_ACCENT_COLOR_NAME = AccentColor;
				CODE_SIGN_ENTITLEMENTS = clock/clock.entitlements;
				CODE_SIGN_STYLE = Automatic;
				COMBINE_HIDPI_IMAGES = YES;
				CURRENT_PROJECT_VERSION = 1;
				DEVELOPMENT_ASSET_PATHS = "\"clock/Preview Content\"";
				ENABLE_PREVIEWS = YES;
				GENERATE_INFOPLIST_FILE = YES;
				INFOPLIST_KEY_NSHumanReadableCopyright = "";
				LD_RUNPATH_SEARCH_PATHS = (
					"$(inherited)",
					"@executable_path/../Frameworks",
				);
				MARKETING_VERSION = 1.0;
				PRODUCT_BUNDLE_IDENTIFIER = Dan.clock;
				PRODUCT_NAME = "$(TARGET_NAME)";
				SWIFT_EMIT_LOC_STRINGS = YES;
				SWIFT_VERSION = 5.0;
			};
			name = Debug;
		};
		3F8295832AB739AA00CD0641 /* Release */ = {
			isa = XCBuildConfiguration;
			buildSettings = {
				ASSETCATALOG_COMPILER_APPICON_NAME = AppIcon;
				ASSETCATALOG_COMPILER_GLOBAL_ACCENT_COLOR_NAME = AccentColor;
				CODE_SIGN_ENTITLEMENTS = clock/clock.entitlements;
				CODE_SIGN_STYLE = Automatic;
				COMBINE_HIDPI_IMAGES = YES;
				CURRENT_PROJECT_VERSION = 1;
				DEVELOPMENT_ASSET_PATHS = "\"clock/Preview Content\"";
				ENABLE_PREVIEWS = YES;
				GENERATE_INFOPLIST_FILE = YES;
				INFOPLIST_KEY_NSHumanReadableCopyright = "";
				LD_RUNPATH_SEARCH_PATHS = (
					"$(inherited)",
					"@executable_path/../Frameworks",
				);
				MARKETING_VERSION = 1.0;
				PRODUCT_BUNDLE_IDENTIFIER = Dan.clock;
				PRODUCT_NAME = "$(TARGET_NAME)";
				SWIFT_EMIT_LOC_STRINGS = YES;
				SWIFT_VERSION = 5.0;
			};
			name = Release;
		};
		3F8295852AB739AA00CD0641 /* Debug */ = {
			isa = XCBuildConfiguration;
			buildSettings = {
				ALWAYS_EMBED_SWIFT_STANDARD_LIBRARIES = YES;
				BUNDLE_LOADER = "$(TEST_HOST)";
				CODE_SIGN_STYLE = Automatic;
				CURRENT_PROJECT_VERSION = 1;
				GENERATE_INFOPLIST_FILE = YES;
				MACOSX_DEPLOYMENT_TARGET = 13.3;
				MARKETING_VERSION = 1.0;
				PRODUCT_BUNDLE_IDENTIFIER = Dan.clockTests;
				PRODUCT_NAME = "$(TARGET_NAME)";
				SWIFT_EMIT_LOC_STRINGS = NO;
				SWIFT_VERSION = 5.0;
				TEST_HOST = "$(BUILT_PRODUCTS_DIR)/clock.app/$(BUNDLE_EXECUTABLE_FOLDER_PATH)/clock";
			};
			name = Debug;
		};
		3F8295862AB739AA00CD0641 /* Release */ = {
			isa = XCBuildConfiguration;
			buildSettings = {
				ALWAYS_EMBED_SWIFT_STANDARD_LIBRARIES = YES;
				BUNDLE_LOADER = "$(TEST_HOST)";
				CODE_SIGN_STYLE = Automatic;
				CURRENT_PROJECT_VERSION = 1;
				GENERATE_INFOPLIST_FILE = YES;
				MACOSX_DEPLOYMENT_TARGET = 13.3;
				MARKETING_VERSION = 1.0;
				PRODUCT_BUNDLE_IDENTIFIER = Dan.clockTests;
				PRODUCT_NAME = "$(TARGET_NAME)";
				SWIFT_EMIT_LOC_STRINGS = NO;
				SWIFT_VERSION = 5.0;
				TEST_HOST = "$(BUILT_PRODUCTS_DIR)/clock.app/$(BUNDLE_EXECUTABLE_FOLDER_PATH)/clock";
			};
			name = Release;
		};
		3F8295882AB739AA00CD0641 /* Debug */ = {
			isa = XCBuildConfiguration;
			buildSettings = {
				ALWAYS_EMBED_SWIFT_STANDARD_LIBRARIES = YES;
				CODE_SIGN_STYLE = Automatic;
				CURRENT_PROJECT_VERSION = 1;
				GENERATE_INFOPLIST_FILE = YES;
				MARKETING_VERSION = 1.0;
				PRODUCT_BUNDLE_IDENTIFIER = Dan.clockUITests;
				PRODUCT_NAME = "$(TARGET_NAME)";
				SWIFT_EMIT_LOC_STRINGS = NO;
				SWIFT_VERSION = 5.0;
				TEST_TARGET_NAME = clock;
			};
			name = Debug;
		};
		3F8295892AB739AA00CD0641 /* Release */ = {
			isa = XCBuildConfiguration;
			buildSettings = {
				ALWAYS_EMBED_SWIFT_STANDARD_LIBRARIES = YES;
				CODE_SIGN_STYLE = Automatic;
				CURRENT_PROJECT_VERSION = 1;
				GENERATE_INFOPLIST_FILE = YES;
				MARKETING_VERSION = 1.0;
				PRODUCT_BUNDLE_IDENTIFIER = Dan.clockUITests;
				PRODUCT_NAME = "$(TARGET_NAME)";
				SWIFT_EMIT_LOC_STRINGS = NO;
				SWIFT_VERSION = 5.0;
				TEST_TARGET_NAME = clock;
			};
			name = Release;
		};
/* End XCBuildConfiguration section */

/* Begin XCConfigurationList section */
		3F8295572AB739A700CD0641 /* Build configuration list for PBXProject "clock" */ = {
			isa = XCConfigurationList;
			buildConfigurations = (
				3F82957F2AB739AA00CD0641 /* Debug */,
				3F8295802AB739AA00CD0641 /* Release */,
			);
			defaultConfigurationIsVisible = 0;
			defaultConfigurationName = Release;
		};
		3F8295812AB739AA00CD0641 /* Build configuration list for PBXNativeTarget "clock" */ = {
			isa = XCConfigurationList;
			buildConfigurations = (
				3F8295822AB739AA00CD0641 /* Debug */,
				3F8295832AB739AA00CD0641 /* Release */,
			);
			defaultConfigurationIsVisible = 0;
			defaultConfigurationName = Release;
		};
		3F8295842AB739AA00CD0641 /* Build configuration list for PBXNativeTarget "clockTests" */ = {
			isa = XCConfigurationList;
			buildConfigurations = (
				3F8295852AB739AA00CD0641 /* Debug */,
				3F8295862AB739AA00CD0641 /* Release */,
			);
			defaultConfigurationIsVisible = 0;
			defaultConfigurationName = Release;
		};
		3F8295872AB739AA00CD0641 /* Build configuration list for PBXNativeTarget "clockUITests" */ = {
			isa = XCConfigurationList;
			buildConfigurations = (
				3F8295882AB739AA00CD0641 /* Debug */,
				3F8295892AB739AA00CD0641 /* Release */,
			);
			defaultConfigurationIsVisible = 0;
			defaultConfigurationName = Release;
		};
/* End XCConfigurationList section */
	};
	rootObject = 3F8295542AB739A700CD0641 /* Project object */;
}
